// !$*UTF8*$!
{
	archiveVersion = 1;
	classes = {
	};
	objectVersion = 50;
	objects = {

/* Begin PBXBuildFile section */
		771A2D4D24E5B618002BD939 /* CosmeticsView.swift in Sources */ = {isa = PBXBuildFile; fileRef = 771A2D4C24E5B618002BD939 /* CosmeticsView.swift */; };
		771A2D4F24E5B621002BD939 /* TagsView.swift in Sources */ = {isa = PBXBuildFile; fileRef = 771A2D4E24E5B621002BD939 /* TagsView.swift */; };
		771A2D5124E5B6F9002BD939 /* AutoLayout.swift in Sources */ = {isa = PBXBuildFile; fileRef = 771A2D5024E5B6F9002BD939 /* AutoLayout.swift */; };
		771A2D5524E5D0E7002BD939 /* TagTableViewCell.swift in Sources */ = {isa = PBXBuildFile; fileRef = 771A2D5424E5D0E7002BD939 /* TagTableViewCell.swift */; };
		772E872C24ED42DF0017A21C /* DescriptionTagsView.swift in Sources */ = {isa = PBXBuildFile; fileRef = 772E872B24ED42DF0017A21C /* DescriptionTagsView.swift */; };
		772E872E24ED6C4A0017A21C /* DescriptionTagCollectionViewCell.swift in Sources */ = {isa = PBXBuildFile; fileRef = 772E872D24ED6C4A0017A21C /* DescriptionTagCollectionViewCell.swift */; };
		774D221624EC63DC00021D9B /* .swiftlint.yml in Resources */ = {isa = PBXBuildFile; fileRef = 774D221524EC63DC00021D9B /* .swiftlint.yml */; };
		774D221E24EC979A00021D9B /* DescriptionTagsViewController.swift in Sources */ = {isa = PBXBuildFile; fileRef = 774D221D24EC979A00021D9B /* DescriptionTagsViewController.swift */; };
		7756594B24F1F16E001E6A0A /* CosmeticsTableViewCell.swift in Sources */ = {isa = PBXBuildFile; fileRef = 7756594A24F1F16E001E6A0A /* CosmeticsTableViewCell.swift */; };
		7756594E24F1FBA2001E6A0A /* DescriptionCosmeticsViewController.swift in Sources */ = {isa = PBXBuildFile; fileRef = 7756594D24F1FBA2001E6A0A /* DescriptionCosmeticsViewController.swift */; };
		7756595124F1FC4F001E6A0A /* DescriptionCosmeticsCollectionViewCell.swift in Sources */ = {isa = PBXBuildFile; fileRef = 7756595024F1FC4F001E6A0A /* DescriptionCosmeticsCollectionViewCell.swift */; };
		7756595324F1FC9B001E6A0A /* DescriptionComesticsView.swift in Sources */ = {isa = PBXBuildFile; fileRef = 7756595224F1FC9B001E6A0A /* DescriptionComesticsView.swift */; };
		775E48D624F1BA75007F0B07 /* ColorsCollectionViewCell.swift in Sources */ = {isa = PBXBuildFile; fileRef = 775E48D524F1BA75007F0B07 /* ColorsCollectionViewCell.swift */; };
		775E48D824F1C11F007F0B07 /* UIColor.swift in Sources */ = {isa = PBXBuildFile; fileRef = 775E48D724F1C11F007F0B07 /* UIColor.swift */; };
		775E48DB24F1D611007F0B07 /* TagsCollectionViewCell.swift in Sources */ = {isa = PBXBuildFile; fileRef = 775E48DA24F1D611007F0B07 /* TagsCollectionViewCell.swift */; };
		7770EC4F24EFF6D100F96979 /* DescriptionProductViewController.swift in Sources */ = {isa = PBXBuildFile; fileRef = 7770EC4E24EFF6D100F96979 /* DescriptionProductViewController.swift */; };
		7770EC5224F00F7A00F96979 /* DescriptionProductView.swift in Sources */ = {isa = PBXBuildFile; fileRef = 7770EC5124F00F7A00F96979 /* DescriptionProductView.swift */; };
		7781BCE924EF827C0048D241 /* UIImageView.swift in Sources */ = {isa = PBXBuildFile; fileRef = 7781BCE824EF827C0048D241 /* UIImageView.swift */; };
		77A287D824E573D6009A3B46 /* AppDelegate.swift in Sources */ = {isa = PBXBuildFile; fileRef = 77A287D724E573D6009A3B46 /* AppDelegate.swift */; };
		77A287DA24E573D6009A3B46 /* SceneDelegate.swift in Sources */ = {isa = PBXBuildFile; fileRef = 77A287D924E573D6009A3B46 /* SceneDelegate.swift */; };
		77A287E124E573D8009A3B46 /* Assets.xcassets in Resources */ = {isa = PBXBuildFile; fileRef = 77A287E024E573D8009A3B46 /* Assets.xcassets */; };
		77A287E424E573D8009A3B46 /* LaunchScreen.storyboard in Resources */ = {isa = PBXBuildFile; fileRef = 77A287E224E573D8009A3B46 /* LaunchScreen.storyboard */; };
		77A287EF24E573D8009A3B46 /* CosmebemTests.swift in Sources */ = {isa = PBXBuildFile; fileRef = 77A287EE24E573D8009A3B46 /* CosmebemTests.swift */; };
		77A287FA24E573D8009A3B46 /* CosmebemUITests.swift in Sources */ = {isa = PBXBuildFile; fileRef = 77A287F924E573D8009A3B46 /* CosmebemUITests.swift */; };
		77A2880D24E5745B009A3B46 /* Tag.swift in Sources */ = {isa = PBXBuildFile; fileRef = 77A2880C24E5745B009A3B46 /* Tag.swift */; };
		77A2880F24E5757A009A3B46 /* TabBarViewController.swift in Sources */ = {isa = PBXBuildFile; fileRef = 77A2880E24E5757A009A3B46 /* TabBarViewController.swift */; };
		77A2881224E57761009A3B46 /* TrendingsViewController.swift in Sources */ = {isa = PBXBuildFile; fileRef = 77A2881124E57761009A3B46 /* TrendingsViewController.swift */; };
		77A2881524E5778A009A3B46 /* CosmeticsViewController.swift in Sources */ = {isa = PBXBuildFile; fileRef = 77A2881424E5778A009A3B46 /* CosmeticsViewController.swift */; };
		77A2881A24E577AF009A3B46 /* TagsViewController.swift in Sources */ = {isa = PBXBuildFile; fileRef = 77A2881924E577AF009A3B46 /* TagsViewController.swift */; };
		77A2881D24E58848009A3B46 /* TrendingsView.swift in Sources */ = {isa = PBXBuildFile; fileRef = 77A2881C24E58848009A3B46 /* TrendingsView.swift */; };
		77AAA65824F403C60001F085 /* OnBoardingViewController.swift in Sources */ = {isa = PBXBuildFile; fileRef = 77AAA65724F403C60001F085 /* OnBoardingViewController.swift */; };
		77AAA65B24F404550001F085 /* OnBoardingView.swift in Sources */ = {isa = PBXBuildFile; fileRef = 77AAA65A24F404550001F085 /* OnBoardingView.swift */; };
		77B8303C24EBED3E003E99A8 /* Router.swift in Sources */ = {isa = PBXBuildFile; fileRef = 77B8303B24EBED3E003E99A8 /* Router.swift */; };
		77B8303E24EBFDA8003E99A8 /* HTTP.swift in Sources */ = {isa = PBXBuildFile; fileRef = 77B8303D24EBFDA8003E99A8 /* HTTP.swift */; };
		77B8304024EC0E75003E99A8 /* Service.swift in Sources */ = {isa = PBXBuildFile; fileRef = 77B8303F24EC0E75003E99A8 /* Service.swift */; };
		77B8304224EC1044003E99A8 /* Product.swift in Sources */ = {isa = PBXBuildFile; fileRef = 77B8304124EC1044003E99A8 /* Product.swift */; };
		77CBBBB724E611C90061CB29 /* TrendingsCollectionViewCell.swift in Sources */ = {isa = PBXBuildFile; fileRef = 77CBBBB624E611C90061CB29 /* TrendingsCollectionViewCell.swift */; };
		77D4CEC224F5530B0020EB25 /* CosmebemUIT.swift in Sources */ = {isa = PBXBuildFile; fileRef = 77D4CEC124F5530B0020EB25 /* CosmebemUIT.swift */; };
		77D4CECA24F554990020EB25 /* OnboardUITests.swift in Sources */ = {isa = PBXBuildFile; fileRef = 77D4CEC924F554990020EB25 /* OnboardUITests.swift */; };
		77EB928C24F2E41B00CF5F10 /* CatgeoriesCosmetics.swift in Sources */ = {isa = PBXBuildFile; fileRef = 77EB928B24F2E41B00CF5F10 /* CatgeoriesCosmetics.swift */; };
/* End PBXBuildFile section */

/* Begin PBXContainerItemProxy section */
		77A287EB24E573D8009A3B46 /* PBXContainerItemProxy */ = {
			isa = PBXContainerItemProxy;
			containerPortal = 77A287CC24E573D6009A3B46 /* Project object */;
			proxyType = 1;
			remoteGlobalIDString = 77A287D324E573D6009A3B46;
			remoteInfo = Cosmebem;
		};
		77A287F624E573D8009A3B46 /* PBXContainerItemProxy */ = {
			isa = PBXContainerItemProxy;
			containerPortal = 77A287CC24E573D6009A3B46 /* Project object */;
			proxyType = 1;
			remoteGlobalIDString = 77A287D324E573D6009A3B46;
			remoteInfo = Cosmebem;
		};
		77D4CEC424F5530B0020EB25 /* PBXContainerItemProxy */ = {
			isa = PBXContainerItemProxy;
			containerPortal = 77A287CC24E573D6009A3B46 /* Project object */;
			proxyType = 1;
			remoteGlobalIDString = 77A287D324E573D6009A3B46;
			remoteInfo = Cosmebem;
		};
/* End PBXContainerItemProxy section */

/* Begin PBXFileReference section */
		771A2D4C24E5B618002BD939 /* CosmeticsView.swift */ = {isa = PBXFileReference; lastKnownFileType = sourcecode.swift; path = CosmeticsView.swift; sourceTree = "<group>"; };
		771A2D4E24E5B621002BD939 /* TagsView.swift */ = {isa = PBXFileReference; lastKnownFileType = sourcecode.swift; path = TagsView.swift; sourceTree = "<group>"; };
		771A2D5024E5B6F9002BD939 /* AutoLayout.swift */ = {isa = PBXFileReference; lastKnownFileType = sourcecode.swift; path = AutoLayout.swift; sourceTree = "<group>"; };
		771A2D5424E5D0E7002BD939 /* TagTableViewCell.swift */ = {isa = PBXFileReference; lastKnownFileType = sourcecode.swift; path = TagTableViewCell.swift; sourceTree = "<group>"; };
		772E872B24ED42DF0017A21C /* DescriptionTagsView.swift */ = {isa = PBXFileReference; lastKnownFileType = sourcecode.swift; path = DescriptionTagsView.swift; sourceTree = "<group>"; };
		772E872D24ED6C4A0017A21C /* DescriptionTagCollectionViewCell.swift */ = {isa = PBXFileReference; lastKnownFileType = sourcecode.swift; path = DescriptionTagCollectionViewCell.swift; sourceTree = "<group>"; };
		774D221524EC63DC00021D9B /* .swiftlint.yml */ = {isa = PBXFileReference; lastKnownFileType = text.yaml; path = .swiftlint.yml; sourceTree = "<group>"; };
		774D221D24EC979A00021D9B /* DescriptionTagsViewController.swift */ = {isa = PBXFileReference; lastKnownFileType = sourcecode.swift; path = DescriptionTagsViewController.swift; sourceTree = "<group>"; };
		7756594A24F1F16E001E6A0A /* CosmeticsTableViewCell.swift */ = {isa = PBXFileReference; lastKnownFileType = sourcecode.swift; path = CosmeticsTableViewCell.swift; sourceTree = "<group>"; };
		7756594D24F1FBA2001E6A0A /* DescriptionCosmeticsViewController.swift */ = {isa = PBXFileReference; lastKnownFileType = sourcecode.swift; path = DescriptionCosmeticsViewController.swift; sourceTree = "<group>"; };
		7756595024F1FC4F001E6A0A /* DescriptionCosmeticsCollectionViewCell.swift */ = {isa = PBXFileReference; lastKnownFileType = sourcecode.swift; path = DescriptionCosmeticsCollectionViewCell.swift; sourceTree = "<group>"; };
		7756595224F1FC9B001E6A0A /* DescriptionComesticsView.swift */ = {isa = PBXFileReference; lastKnownFileType = sourcecode.swift; path = DescriptionComesticsView.swift; sourceTree = "<group>"; };
		775E48D524F1BA75007F0B07 /* ColorsCollectionViewCell.swift */ = {isa = PBXFileReference; lastKnownFileType = sourcecode.swift; path = ColorsCollectionViewCell.swift; sourceTree = "<group>"; };
		775E48D724F1C11F007F0B07 /* UIColor.swift */ = {isa = PBXFileReference; lastKnownFileType = sourcecode.swift; path = UIColor.swift; sourceTree = "<group>"; };
		775E48DA24F1D611007F0B07 /* TagsCollectionViewCell.swift */ = {isa = PBXFileReference; lastKnownFileType = sourcecode.swift; path = TagsCollectionViewCell.swift; sourceTree = "<group>"; };
		7770EC4E24EFF6D100F96979 /* DescriptionProductViewController.swift */ = {isa = PBXFileReference; lastKnownFileType = sourcecode.swift; path = DescriptionProductViewController.swift; sourceTree = "<group>"; };
		7770EC5124F00F7A00F96979 /* DescriptionProductView.swift */ = {isa = PBXFileReference; lastKnownFileType = sourcecode.swift; path = DescriptionProductView.swift; sourceTree = "<group>"; };
		7781BCE824EF827C0048D241 /* UIImageView.swift */ = {isa = PBXFileReference; lastKnownFileType = sourcecode.swift; path = UIImageView.swift; sourceTree = "<group>"; };
		77A287D424E573D6009A3B46 /* Cosmebem.app */ = {isa = PBXFileReference; explicitFileType = wrapper.application; includeInIndex = 0; path = Cosmebem.app; sourceTree = BUILT_PRODUCTS_DIR; };
		77A287D724E573D6009A3B46 /* AppDelegate.swift */ = {isa = PBXFileReference; lastKnownFileType = sourcecode.swift; path = AppDelegate.swift; sourceTree = "<group>"; };
		77A287D924E573D6009A3B46 /* SceneDelegate.swift */ = {isa = PBXFileReference; lastKnownFileType = sourcecode.swift; path = SceneDelegate.swift; sourceTree = "<group>"; };
		77A287E024E573D8009A3B46 /* Assets.xcassets */ = {isa = PBXFileReference; lastKnownFileType = folder.assetcatalog; path = Assets.xcassets; sourceTree = "<group>"; };
		77A287E324E573D8009A3B46 /* Base */ = {isa = PBXFileReference; lastKnownFileType = file.storyboard; name = Base; path = Base.lproj/LaunchScreen.storyboard; sourceTree = "<group>"; };
		77A287E524E573D8009A3B46 /* Info.plist */ = {isa = PBXFileReference; lastKnownFileType = text.plist.xml; path = Info.plist; sourceTree = "<group>"; };
		77A287EA24E573D8009A3B46 /* CosmebemTests.xctest */ = {isa = PBXFileReference; explicitFileType = wrapper.cfbundle; includeInIndex = 0; path = CosmebemTests.xctest; sourceTree = BUILT_PRODUCTS_DIR; };
		77A287EE24E573D8009A3B46 /* CosmebemTests.swift */ = {isa = PBXFileReference; lastKnownFileType = sourcecode.swift; path = CosmebemTests.swift; sourceTree = "<group>"; };
		77A287F024E573D8009A3B46 /* Info.plist */ = {isa = PBXFileReference; lastKnownFileType = text.plist.xml; path = Info.plist; sourceTree = "<group>"; };
		77A287F524E573D8009A3B46 /* CosmebemUITests.xctest */ = {isa = PBXFileReference; explicitFileType = wrapper.cfbundle; includeInIndex = 0; path = CosmebemUITests.xctest; sourceTree = BUILT_PRODUCTS_DIR; };
		77A287F924E573D8009A3B46 /* CosmebemUITests.swift */ = {isa = PBXFileReference; lastKnownFileType = sourcecode.swift; path = CosmebemUITests.swift; sourceTree = "<group>"; };
		77A287FB24E573D8009A3B46 /* Info.plist */ = {isa = PBXFileReference; lastKnownFileType = text.plist.xml; path = Info.plist; sourceTree = "<group>"; };
		77A2880C24E5745B009A3B46 /* Tag.swift */ = {isa = PBXFileReference; lastKnownFileType = sourcecode.swift; path = Tag.swift; sourceTree = "<group>"; };
		77A2880E24E5757A009A3B46 /* TabBarViewController.swift */ = {isa = PBXFileReference; lastKnownFileType = sourcecode.swift; path = TabBarViewController.swift; sourceTree = "<group>"; };
		77A2881124E57761009A3B46 /* TrendingsViewController.swift */ = {isa = PBXFileReference; lastKnownFileType = sourcecode.swift; path = TrendingsViewController.swift; sourceTree = "<group>"; };
		77A2881424E5778A009A3B46 /* CosmeticsViewController.swift */ = {isa = PBXFileReference; lastKnownFileType = sourcecode.swift; path = CosmeticsViewController.swift; sourceTree = "<group>"; };
		77A2881924E577AF009A3B46 /* TagsViewController.swift */ = {isa = PBXFileReference; lastKnownFileType = sourcecode.swift; path = TagsViewController.swift; sourceTree = "<group>"; };
		77A2881C24E58848009A3B46 /* TrendingsView.swift */ = {isa = PBXFileReference; lastKnownFileType = sourcecode.swift; path = TrendingsView.swift; sourceTree = "<group>"; };
		77AAA65724F403C60001F085 /* OnBoardingViewController.swift */ = {isa = PBXFileReference; lastKnownFileType = sourcecode.swift; path = OnBoardingViewController.swift; sourceTree = "<group>"; };
		77AAA65A24F404550001F085 /* OnBoardingView.swift */ = {isa = PBXFileReference; lastKnownFileType = sourcecode.swift; path = OnBoardingView.swift; sourceTree = "<group>"; };
		77B8303B24EBED3E003E99A8 /* Router.swift */ = {isa = PBXFileReference; lastKnownFileType = sourcecode.swift; path = Router.swift; sourceTree = "<group>"; };
		77B8303D24EBFDA8003E99A8 /* HTTP.swift */ = {isa = PBXFileReference; lastKnownFileType = sourcecode.swift; path = HTTP.swift; sourceTree = "<group>"; };
		77B8303F24EC0E75003E99A8 /* Service.swift */ = {isa = PBXFileReference; lastKnownFileType = sourcecode.swift; path = Service.swift; sourceTree = "<group>"; };
		77B8304124EC1044003E99A8 /* Product.swift */ = {isa = PBXFileReference; lastKnownFileType = sourcecode.swift; path = Product.swift; sourceTree = "<group>"; };
		77CBBBB624E611C90061CB29 /* TrendingsCollectionViewCell.swift */ = {isa = PBXFileReference; lastKnownFileType = sourcecode.swift; path = TrendingsCollectionViewCell.swift; sourceTree = "<group>"; };
		77D4CEBF24F5530B0020EB25 /* CosmebemUIT.xctest */ = {isa = PBXFileReference; explicitFileType = wrapper.cfbundle; includeInIndex = 0; path = CosmebemUIT.xctest; sourceTree = BUILT_PRODUCTS_DIR; };
		77D4CEC124F5530B0020EB25 /* CosmebemUIT.swift */ = {isa = PBXFileReference; lastKnownFileType = sourcecode.swift; path = CosmebemUIT.swift; sourceTree = "<group>"; };
		77D4CEC324F5530B0020EB25 /* Info.plist */ = {isa = PBXFileReference; lastKnownFileType = text.plist.xml; path = Info.plist; sourceTree = "<group>"; };
		77D4CEC924F554990020EB25 /* OnboardUITests.swift */ = {isa = PBXFileReference; lastKnownFileType = sourcecode.swift; path = OnboardUITests.swift; sourceTree = "<group>"; };
		77EB928B24F2E41B00CF5F10 /* CatgeoriesCosmetics.swift */ = {isa = PBXFileReference; lastKnownFileType = sourcecode.swift; path = CatgeoriesCosmetics.swift; sourceTree = "<group>"; };
/* End PBXFileReference section */

/* Begin PBXFrameworksBuildPhase section */
		77A287D124E573D6009A3B46 /* Frameworks */ = {
			isa = PBXFrameworksBuildPhase;
			buildActionMask = 2147483647;
			files = (
			);
			runOnlyForDeploymentPostprocessing = 0;
		};
		77A287E724E573D8009A3B46 /* Frameworks */ = {
			isa = PBXFrameworksBuildPhase;
			buildActionMask = 2147483647;
			files = (
			);
			runOnlyForDeploymentPostprocessing = 0;
		};
		77A287F224E573D8009A3B46 /* Frameworks */ = {
			isa = PBXFrameworksBuildPhase;
			buildActionMask = 2147483647;
			files = (
			);
			runOnlyForDeploymentPostprocessing = 0;
		};
		77D4CEBC24F5530B0020EB25 /* Frameworks */ = {
			isa = PBXFrameworksBuildPhase;
			buildActionMask = 2147483647;
			files = (
			);
			runOnlyForDeploymentPostprocessing = 0;
		};
/* End PBXFrameworksBuildPhase section */

/* Begin PBXGroup section */
		771A2D4A24E5B5F9002BD939 /* Tags */ = {
			isa = PBXGroup;
			children = (
				771A2D4E24E5B621002BD939 /* TagsView.swift */,
				771A2D5424E5D0E7002BD939 /* TagTableViewCell.swift */,
			);
			path = Tags;
			sourceTree = "<group>";
		};
		771A2D4B24E5B602002BD939 /* Cosmetics */ = {
			isa = PBXGroup;
			children = (
				771A2D4C24E5B618002BD939 /* CosmeticsView.swift */,
				7756594A24F1F16E001E6A0A /* CosmeticsTableViewCell.swift */,
			);
			path = Cosmetics;
			sourceTree = "<group>";
		};
		772E872A24ED42BF0017A21C /* DescriptionTags */ = {
			isa = PBXGroup;
			children = (
				772E872B24ED42DF0017A21C /* DescriptionTagsView.swift */,
				772E872D24ED6C4A0017A21C /* DescriptionTagCollectionViewCell.swift */,
			);
			path = DescriptionTags;
			sourceTree = "<group>";
		};
		7743314F24E71A7E001516F6 /* TrendingsCollectionViewCell */ = {
			isa = PBXGroup;
			children = (
				77CBBBB624E611C90061CB29 /* TrendingsCollectionViewCell.swift */,
			);
			path = TrendingsCollectionViewCell;
			sourceTree = "<group>";
		};
		774D221C24EC96F600021D9B /* DescriptionTags */ = {
			isa = PBXGroup;
			children = (
				774D221D24EC979A00021D9B /* DescriptionTagsViewController.swift */,
			);
			path = DescriptionTags;
			sourceTree = "<group>";
		};
		7756594C24F1FB7E001E6A0A /* DescriptionCosmetics */ = {
			isa = PBXGroup;
			children = (
				7756594D24F1FBA2001E6A0A /* DescriptionCosmeticsViewController.swift */,
			);
			path = DescriptionCosmetics;
			sourceTree = "<group>";
		};
		7756594F24F1FC12001E6A0A /* DescriptionComestics */ = {
			isa = PBXGroup;
			children = (
				7756595024F1FC4F001E6A0A /* DescriptionCosmeticsCollectionViewCell.swift */,
				7756595224F1FC9B001E6A0A /* DescriptionComesticsView.swift */,
			);
			path = DescriptionComestics;
			sourceTree = "<group>";
		};
		775E48D924F1D604007F0B07 /* TagsCollectionViewCell */ = {
			isa = PBXGroup;
			children = (
				775E48DA24F1D611007F0B07 /* TagsCollectionViewCell.swift */,
			);
			path = TagsCollectionViewCell;
			sourceTree = "<group>";
		};
		7770EC4D24EFF66300F96979 /* DescriptionProduct */ = {
			isa = PBXGroup;
			children = (
				7770EC4E24EFF6D100F96979 /* DescriptionProductViewController.swift */,
				775E48D524F1BA75007F0B07 /* ColorsCollectionViewCell.swift */,
			);
			path = DescriptionProduct;
			sourceTree = "<group>";
		};
		7770EC5024F00F6100F96979 /* DescriptionProduct */ = {
			isa = PBXGroup;
			children = (
				7770EC5124F00F7A00F96979 /* DescriptionProductView.swift */,
			);
			path = DescriptionProduct;
			sourceTree = "<group>";
		};
		77A287CB24E573D6009A3B46 = {
			isa = PBXGroup;
			children = (
				774D221524EC63DC00021D9B /* .swiftlint.yml */,
				77A287D624E573D6009A3B46 /* Cosmebem */,
				77A287ED24E573D8009A3B46 /* CosmebemTests */,
				77A287F824E573D8009A3B46 /* CosmebemUITests */,
				77D4CEC024F5530B0020EB25 /* CosmebemUIT */,
				77A287D524E573D6009A3B46 /* Products */,
			);
			sourceTree = "<group>";
		};
		77A287D524E573D6009A3B46 /* Products */ = {
			isa = PBXGroup;
			children = (
				77A287D424E573D6009A3B46 /* Cosmebem.app */,
				77A287EA24E573D8009A3B46 /* CosmebemTests.xctest */,
				77A287F524E573D8009A3B46 /* CosmebemUITests.xctest */,
				77D4CEBF24F5530B0020EB25 /* CosmebemUIT.xctest */,
			);
			name = Products;
			sourceTree = "<group>";
		};
		77A287D624E573D6009A3B46 /* Cosmebem */ = {
			isa = PBXGroup;
			children = (
				77B8303A24EBED1C003E99A8 /* Service */,
				77A2880B24E57434009A3B46 /* Model */,
				77A2880A24E57423009A3B46 /* View */,
				77A2880924E57415009A3B46 /* Controller */,
				77A2880824E5740F009A3B46 /* Extension */,
				77A2880724E57407009A3B46 /* Config */,
				77A287E524E573D8009A3B46 /* Info.plist */,
			);
			path = Cosmebem;
			sourceTree = "<group>";
		};
		77A287ED24E573D8009A3B46 /* CosmebemTests */ = {
			isa = PBXGroup;
			children = (
				77A287EE24E573D8009A3B46 /* CosmebemTests.swift */,
				77A287F024E573D8009A3B46 /* Info.plist */,
			);
			path = CosmebemTests;
			sourceTree = "<group>";
		};
		77A287F824E573D8009A3B46 /* CosmebemUITests */ = {
			isa = PBXGroup;
			children = (
				77A287F924E573D8009A3B46 /* CosmebemUITests.swift */,
				77A287FB24E573D8009A3B46 /* Info.plist */,
			);
			path = CosmebemUITests;
			sourceTree = "<group>";
		};
		77A2880724E57407009A3B46 /* Config */ = {
			isa = PBXGroup;
			children = (
				77A287D724E573D6009A3B46 /* AppDelegate.swift */,
				77A287D924E573D6009A3B46 /* SceneDelegate.swift */,
			);
			path = Config;
			sourceTree = "<group>";
		};
		77A2880824E5740F009A3B46 /* Extension */ = {
			isa = PBXGroup;
			children = (
				771A2D5024E5B6F9002BD939 /* AutoLayout.swift */,
				7781BCE824EF827C0048D241 /* UIImageView.swift */,
				775E48D724F1C11F007F0B07 /* UIColor.swift */,
			);
			path = Extension;
			sourceTree = "<group>";
		};
		77A2880924E57415009A3B46 /* Controller */ = {
			isa = PBXGroup;
			children = (
				77AAA65624F403B00001F085 /* OnBoarding */,
				7756594C24F1FB7E001E6A0A /* DescriptionCosmetics */,
				7770EC4D24EFF66300F96979 /* DescriptionProduct */,
				774D221C24EC96F600021D9B /* DescriptionTags */,
				77A2881824E577A5009A3B46 /* Tags */,
				77A2881324E57773009A3B46 /* Cosmetics */,
				77A2881024E5774D009A3B46 /* Trendings */,
				77A2880E24E5757A009A3B46 /* TabBarViewController.swift */,
			);
			path = Controller;
			sourceTree = "<group>";
		};
		77A2880A24E57423009A3B46 /* View */ = {
			isa = PBXGroup;
			children = (
				77AAA65924F404450001F085 /* Onbording */,
				7756594F24F1FC12001E6A0A /* DescriptionComestics */,
				7770EC5024F00F6100F96979 /* DescriptionProduct */,
				772E872A24ED42BF0017A21C /* DescriptionTags */,
				771A2D4B24E5B602002BD939 /* Cosmetics */,
				771A2D4A24E5B5F9002BD939 /* Tags */,
				77A2881B24E58832009A3B46 /* Trendings */,
				77A287E024E573D8009A3B46 /* Assets.xcassets */,
				77A287E224E573D8009A3B46 /* LaunchScreen.storyboard */,
			);
			path = View;
			sourceTree = "<group>";
		};
		77A2880B24E57434009A3B46 /* Model */ = {
			isa = PBXGroup;
			children = (
				77A2880C24E5745B009A3B46 /* Tag.swift */,
				77B8304124EC1044003E99A8 /* Product.swift */,
				77EB928B24F2E41B00CF5F10 /* CatgeoriesCosmetics.swift */,
			);
			path = Model;
			sourceTree = "<group>";
		};
		77A2881024E5774D009A3B46 /* Trendings */ = {
			isa = PBXGroup;
			children = (
				77A2881124E57761009A3B46 /* TrendingsViewController.swift */,
			);
			path = Trendings;
			sourceTree = "<group>";
		};
		77A2881324E57773009A3B46 /* Cosmetics */ = {
			isa = PBXGroup;
			children = (
				77A2881424E5778A009A3B46 /* CosmeticsViewController.swift */,
			);
			path = Cosmetics;
			sourceTree = "<group>";
		};
		77A2881824E577A5009A3B46 /* Tags */ = {
			isa = PBXGroup;
			children = (
				77A2881924E577AF009A3B46 /* TagsViewController.swift */,
			);
			path = Tags;
			sourceTree = "<group>";
		};
		77A2881B24E58832009A3B46 /* Trendings */ = {
			isa = PBXGroup;
			children = (
				775E48D924F1D604007F0B07 /* TagsCollectionViewCell */,
				7743314F24E71A7E001516F6 /* TrendingsCollectionViewCell */,
				77A2881C24E58848009A3B46 /* TrendingsView.swift */,
			);
			path = Trendings;
			sourceTree = "<group>";
		};
		77AAA65624F403B00001F085 /* OnBoarding */ = {
			isa = PBXGroup;
			children = (
				77AAA65724F403C60001F085 /* OnBoardingViewController.swift */,
			);
			path = OnBoarding;
			sourceTree = "<group>";
		};
		77AAA65924F404450001F085 /* Onbording */ = {
			isa = PBXGroup;
			children = (
				77AAA65A24F404550001F085 /* OnBoardingView.swift */,
			);
			path = Onbording;
			sourceTree = "<group>";
		};
		77B8303A24EBED1C003E99A8 /* Service */ = {
			isa = PBXGroup;
			children = (
				77B8303B24EBED3E003E99A8 /* Router.swift */,
				77B8303D24EBFDA8003E99A8 /* HTTP.swift */,
				77B8303F24EC0E75003E99A8 /* Service.swift */,
			);
			path = Service;
			sourceTree = "<group>";
		};
		77D4CEC024F5530B0020EB25 /* CosmebemUIT */ = {
			isa = PBXGroup;
			children = (
				77D4CEC124F5530B0020EB25 /* CosmebemUIT.swift */,
				77D4CEC324F5530B0020EB25 /* Info.plist */,
				77D4CEC924F554990020EB25 /* OnboardUITests.swift */,
			);
			path = CosmebemUIT;
			sourceTree = "<group>";
		};
/* End PBXGroup section */

/* Begin PBXNativeTarget section */
		77A287D324E573D6009A3B46 /* Cosmebem */ = {
			isa = PBXNativeTarget;
			buildConfigurationList = 77A287FE24E573D8009A3B46 /* Build configuration list for PBXNativeTarget "Cosmebem" */;
			buildPhases = (
				77A287D024E573D6009A3B46 /* Sources */,
				77A287D124E573D6009A3B46 /* Frameworks */,
				77A287D224E573D6009A3B46 /* Resources */,
				774D221424EC63A400021D9B /* ShellScript */,
			);
			buildRules = (
			);
			dependencies = (
			);
			name = Cosmebem;
			productName = Cosmebem;
			productReference = 77A287D424E573D6009A3B46 /* Cosmebem.app */;
			productType = "com.apple.product-type.application";
		};
		77A287E924E573D8009A3B46 /* CosmebemTests */ = {
			isa = PBXNativeTarget;
			buildConfigurationList = 77A2880124E573D8009A3B46 /* Build configuration list for PBXNativeTarget "CosmebemTests" */;
			buildPhases = (
				77A287E624E573D8009A3B46 /* Sources */,
				77A287E724E573D8009A3B46 /* Frameworks */,
				77A287E824E573D8009A3B46 /* Resources */,
			);
			buildRules = (
			);
			dependencies = (
				77A287EC24E573D8009A3B46 /* PBXTargetDependency */,
			);
			name = CosmebemTests;
			productName = CosmebemTests;
			productReference = 77A287EA24E573D8009A3B46 /* CosmebemTests.xctest */;
			productType = "com.apple.product-type.bundle.unit-test";
		};
		77A287F424E573D8009A3B46 /* CosmebemUITests */ = {
			isa = PBXNativeTarget;
			buildConfigurationList = 77A2880424E573D8009A3B46 /* Build configuration list for PBXNativeTarget "CosmebemUITests" */;
			buildPhases = (
				77A287F124E573D8009A3B46 /* Sources */,
				77A287F224E573D8009A3B46 /* Frameworks */,
				77A287F324E573D8009A3B46 /* Resources */,
			);
			buildRules = (
			);
			dependencies = (
				77A287F724E573D8009A3B46 /* PBXTargetDependency */,
			);
			name = CosmebemUITests;
			productName = CosmebemUITests;
			productReference = 77A287F524E573D8009A3B46 /* CosmebemUITests.xctest */;
			productType = "com.apple.product-type.bundle.ui-testing";
		};
		77D4CEBE24F5530B0020EB25 /* CosmebemUIT */ = {
			isa = PBXNativeTarget;
			buildConfigurationList = 77D4CEC824F5530B0020EB25 /* Build configuration list for PBXNativeTarget "CosmebemUIT" */;
			buildPhases = (
				77D4CEBB24F5530B0020EB25 /* Sources */,
				77D4CEBC24F5530B0020EB25 /* Frameworks */,
				77D4CEBD24F5530B0020EB25 /* Resources */,
			);
			buildRules = (
			);
			dependencies = (
				77D4CEC524F5530B0020EB25 /* PBXTargetDependency */,
			);
			name = CosmebemUIT;
			productName = CosmebemUIT;
			productReference = 77D4CEBF24F5530B0020EB25 /* CosmebemUIT.xctest */;
			productType = "com.apple.product-type.bundle.ui-testing";
		};
/* End PBXNativeTarget section */

/* Begin PBXProject section */
		77A287CC24E573D6009A3B46 /* Project object */ = {
			isa = PBXProject;
			attributes = {
				LastSwiftUpdateCheck = 1160;
				LastUpgradeCheck = 1160;
				ORGANIZATIONNAME = "Beatriz Carlos";
				TargetAttributes = {
					77A287D324E573D6009A3B46 = {
						CreatedOnToolsVersion = 11.6;
					};
					77A287E924E573D8009A3B46 = {
						CreatedOnToolsVersion = 11.6;
						TestTargetID = 77A287D324E573D6009A3B46;
					};
					77A287F424E573D8009A3B46 = {
						CreatedOnToolsVersion = 11.6;
						TestTargetID = 77A287D324E573D6009A3B46;
					};
					77D4CEBE24F5530B0020EB25 = {
						CreatedOnToolsVersion = 11.6;
						TestTargetID = 77A287D324E573D6009A3B46;
					};
				};
			};
			buildConfigurationList = 77A287CF24E573D6009A3B46 /* Build configuration list for PBXProject "Cosmebem" */;
			compatibilityVersion = "Xcode 9.3";
			developmentRegion = en;
			hasScannedForEncodings = 0;
			knownRegions = (
				en,
				Base,
			);
			mainGroup = 77A287CB24E573D6009A3B46;
			productRefGroup = 77A287D524E573D6009A3B46 /* Products */;
			projectDirPath = "";
			projectRoot = "";
			targets = (
				77A287D324E573D6009A3B46 /* Cosmebem */,
				77A287E924E573D8009A3B46 /* CosmebemTests */,
				77A287F424E573D8009A3B46 /* CosmebemUITests */,
				77D4CEBE24F5530B0020EB25 /* CosmebemUIT */,
			);
		};
/* End PBXProject section */

/* Begin PBXResourcesBuildPhase section */
		77A287D224E573D6009A3B46 /* Resources */ = {
			isa = PBXResourcesBuildPhase;
			buildActionMask = 2147483647;
			files = (
				774D221624EC63DC00021D9B /* .swiftlint.yml in Resources */,
				77A287E424E573D8009A3B46 /* LaunchScreen.storyboard in Resources */,
				77A287E124E573D8009A3B46 /* Assets.xcassets in Resources */,
			);
			runOnlyForDeploymentPostprocessing = 0;
		};
		77A287E824E573D8009A3B46 /* Resources */ = {
			isa = PBXResourcesBuildPhase;
			buildActionMask = 2147483647;
			files = (
			);
			runOnlyForDeploymentPostprocessing = 0;
		};
		77A287F324E573D8009A3B46 /* Resources */ = {
			isa = PBXResourcesBuildPhase;
			buildActionMask = 2147483647;
			files = (
			);
			runOnlyForDeploymentPostprocessing = 0;
		};
		77D4CEBD24F5530B0020EB25 /* Resources */ = {
			isa = PBXResourcesBuildPhase;
			buildActionMask = 2147483647;
			files = (
			);
			runOnlyForDeploymentPostprocessing = 0;
		};
/* End PBXResourcesBuildPhase section */

/* Begin PBXShellScriptBuildPhase section */
		774D221424EC63A400021D9B /* ShellScript */ = {
			isa = PBXShellScriptBuildPhase;
			buildActionMask = 2147483647;
			files = (
			);
			inputFileListPaths = (
			);
			inputPaths = (
			);
			outputFileListPaths = (
			);
			outputPaths = (
			);
			runOnlyForDeploymentPostprocessing = 0;
			shellPath = /bin/sh;
			shellScript = "if which swiftlint >/dev/null; then\n  swiftlint\nelse\n  echo \"warning: SwiftLint not installed, download from https://github.com/realm/SwiftLint\"\nfi\n";
		};
/* End PBXShellScriptBuildPhase section */

/* Begin PBXSourcesBuildPhase section */
		77A287D024E573D6009A3B46 /* Sources */ = {
			isa = PBXSourcesBuildPhase;
			buildActionMask = 2147483647;
			files = (
				77A2881D24E58848009A3B46 /* TrendingsView.swift in Sources */,
				77A2880F24E5757A009A3B46 /* TabBarViewController.swift in Sources */,
				7756595324F1FC9B001E6A0A /* DescriptionComesticsView.swift in Sources */,
				77A2881224E57761009A3B46 /* TrendingsViewController.swift in Sources */,
				77B8304224EC1044003E99A8 /* Product.swift in Sources */,
				7756595124F1FC4F001E6A0A /* DescriptionCosmeticsCollectionViewCell.swift in Sources */,
				77B8303E24EBFDA8003E99A8 /* HTTP.swift in Sources */,
				77CBBBB724E611C90061CB29 /* TrendingsCollectionViewCell.swift in Sources */,
				774D221E24EC979A00021D9B /* DescriptionTagsViewController.swift in Sources */,
				77B8303C24EBED3E003E99A8 /* Router.swift in Sources */,
				77EB928C24F2E41B00CF5F10 /* CatgeoriesCosmetics.swift in Sources */,
				77B8304024EC0E75003E99A8 /* Service.swift in Sources */,
				77A2880D24E5745B009A3B46 /* Tag.swift in Sources */,
				77A287D824E573D6009A3B46 /* AppDelegate.swift in Sources */,
				7756594B24F1F16E001E6A0A /* CosmeticsTableViewCell.swift in Sources */,
				77A2881A24E577AF009A3B46 /* TagsViewController.swift in Sources */,
				771A2D4D24E5B618002BD939 /* CosmeticsView.swift in Sources */,
				771A2D5124E5B6F9002BD939 /* AutoLayout.swift in Sources */,
				7781BCE924EF827C0048D241 /* UIImageView.swift in Sources */,
				771A2D5524E5D0E7002BD939 /* TagTableViewCell.swift in Sources */,
				77A287DA24E573D6009A3B46 /* SceneDelegate.swift in Sources */,
				775E48D824F1C11F007F0B07 /* UIColor.swift in Sources */,
				772E872C24ED42DF0017A21C /* DescriptionTagsView.swift in Sources */,
				7756594E24F1FBA2001E6A0A /* DescriptionCosmeticsViewController.swift in Sources */,
				775E48D624F1BA75007F0B07 /* ColorsCollectionViewCell.swift in Sources */,
				7770EC5224F00F7A00F96979 /* DescriptionProductView.swift in Sources */,
				775E48DB24F1D611007F0B07 /* TagsCollectionViewCell.swift in Sources */,
				77AAA65B24F404550001F085 /* OnBoardingView.swift in Sources */,
				77AAA65824F403C60001F085 /* OnBoardingViewController.swift in Sources */,
				772E872E24ED6C4A0017A21C /* DescriptionTagCollectionViewCell.swift in Sources */,
				7770EC4F24EFF6D100F96979 /* DescriptionProductViewController.swift in Sources */,
				771A2D4F24E5B621002BD939 /* TagsView.swift in Sources */,
				77A2881524E5778A009A3B46 /* CosmeticsViewController.swift in Sources */,
			);
			runOnlyForDeploymentPostprocessing = 0;
		};
		77A287E624E573D8009A3B46 /* Sources */ = {
			isa = PBXSourcesBuildPhase;
			buildActionMask = 2147483647;
			files = (
				77A287EF24E573D8009A3B46 /* CosmebemTests.swift in Sources */,
			);
			runOnlyForDeploymentPostprocessing = 0;
		};
		77A287F124E573D8009A3B46 /* Sources */ = {
			isa = PBXSourcesBuildPhase;
			buildActionMask = 2147483647;
			files = (
				77A287FA24E573D8009A3B46 /* CosmebemUITests.swift in Sources */,
			);
			runOnlyForDeploymentPostprocessing = 0;
		};
		77D4CEBB24F5530B0020EB25 /* Sources */ = {
			isa = PBXSourcesBuildPhase;
			buildActionMask = 2147483647;
			files = (
				77D4CEC224F5530B0020EB25 /* CosmebemUIT.swift in Sources */,
				77D4CECA24F554990020EB25 /* OnboardUITests.swift in Sources */,
			);
			runOnlyForDeploymentPostprocessing = 0;
		};
/* End PBXSourcesBuildPhase section */

/* Begin PBXTargetDependency section */
		77A287EC24E573D8009A3B46 /* PBXTargetDependency */ = {
			isa = PBXTargetDependency;
			target = 77A287D324E573D6009A3B46 /* Cosmebem */;
			targetProxy = 77A287EB24E573D8009A3B46 /* PBXContainerItemProxy */;
		};
		77A287F724E573D8009A3B46 /* PBXTargetDependency */ = {
			isa = PBXTargetDependency;
			target = 77A287D324E573D6009A3B46 /* Cosmebem */;
			targetProxy = 77A287F624E573D8009A3B46 /* PBXContainerItemProxy */;
		};
		77D4CEC524F5530B0020EB25 /* PBXTargetDependency */ = {
			isa = PBXTargetDependency;
			target = 77A287D324E573D6009A3B46 /* Cosmebem */;
			targetProxy = 77D4CEC424F5530B0020EB25 /* PBXContainerItemProxy */;
		};
/* End PBXTargetDependency section */

/* Begin PBXVariantGroup section */
		77A287E224E573D8009A3B46 /* LaunchScreen.storyboard */ = {
			isa = PBXVariantGroup;
			children = (
				77A287E324E573D8009A3B46 /* Base */,
			);
			name = LaunchScreen.storyboard;
			sourceTree = "<group>";
		};
/* End PBXVariantGroup section */

/* Begin XCBuildConfiguration section */
		77A287FC24E573D8009A3B46 /* Debug */ = {
			isa = XCBuildConfiguration;
			buildSettings = {
				ALWAYS_SEARCH_USER_PATHS = NO;
				CLANG_ANALYZER_NONNULL = YES;
				CLANG_ANALYZER_NUMBER_OBJECT_CONVERSION = YES_AGGRESSIVE;
				CLANG_CXX_LANGUAGE_STANDARD = "gnu++14";
				CLANG_CXX_LIBRARY = "libc++";
				CLANG_ENABLE_MODULES = YES;
				CLANG_ENABLE_OBJC_ARC = YES;
				CLANG_ENABLE_OBJC_WEAK = YES;
				CLANG_WARN_BLOCK_CAPTURE_AUTORELEASING = YES;
				CLANG_WARN_BOOL_CONVERSION = YES;
				CLANG_WARN_COMMA = YES;
				CLANG_WARN_CONSTANT_CONVERSION = YES;
				CLANG_WARN_DEPRECATED_OBJC_IMPLEMENTATIONS = YES;
				CLANG_WARN_DIRECT_OBJC_ISA_USAGE = YES_ERROR;
				CLANG_WARN_DOCUMENTATION_COMMENTS = YES;
				CLANG_WARN_EMPTY_BODY = YES;
				CLANG_WARN_ENUM_CONVERSION = YES;
				CLANG_WARN_INFINITE_RECURSION = YES;
				CLANG_WARN_INT_CONVERSION = YES;
				CLANG_WARN_NON_LITERAL_NULL_CONVERSION = YES;
				CLANG_WARN_OBJC_IMPLICIT_RETAIN_SELF = YES;
				CLANG_WARN_OBJC_LITERAL_CONVERSION = YES;
				CLANG_WARN_OBJC_ROOT_CLASS = YES_ERROR;
				CLANG_WARN_RANGE_LOOP_ANALYSIS = YES;
				CLANG_WARN_STRICT_PROTOTYPES = YES;
				CLANG_WARN_SUSPICIOUS_MOVE = YES;
				CLANG_WARN_UNGUARDED_AVAILABILITY = YES_AGGRESSIVE;
				CLANG_WARN_UNREACHABLE_CODE = YES;
				CLANG_WARN__DUPLICATE_METHOD_MATCH = YES;
				COPY_PHASE_STRIP = NO;
				DEBUG_INFORMATION_FORMAT = dwarf;
				ENABLE_STRICT_OBJC_MSGSEND = YES;
				ENABLE_TESTABILITY = YES;
				GCC_C_LANGUAGE_STANDARD = gnu11;
				GCC_DYNAMIC_NO_PIC = NO;
				GCC_NO_COMMON_BLOCKS = YES;
				GCC_OPTIMIZATION_LEVEL = 0;
				GCC_PREPROCESSOR_DEFINITIONS = (
					"DEBUG=1",
					"$(inherited)",
				);
				GCC_WARN_64_TO_32_BIT_CONVERSION = YES;
				GCC_WARN_ABOUT_RETURN_TYPE = YES_ERROR;
				GCC_WARN_UNDECLARED_SELECTOR = YES;
				GCC_WARN_UNINITIALIZED_AUTOS = YES_AGGRESSIVE;
				GCC_WARN_UNUSED_FUNCTION = YES;
				GCC_WARN_UNUSED_VARIABLE = YES;
				IPHONEOS_DEPLOYMENT_TARGET = 13.6;
				MTL_ENABLE_DEBUG_INFO = INCLUDE_SOURCE;
				MTL_FAST_MATH = YES;
				ONLY_ACTIVE_ARCH = YES;
				SDKROOT = iphoneos;
				SWIFT_ACTIVE_COMPILATION_CONDITIONS = DEBUG;
				SWIFT_OPTIMIZATION_LEVEL = "-Onone";
			};
			name = Debug;
		};
		77A287FD24E573D8009A3B46 /* Release */ = {
			isa = XCBuildConfiguration;
			buildSettings = {
				ALWAYS_SEARCH_USER_PATHS = NO;
				CLANG_ANALYZER_NONNULL = YES;
				CLANG_ANALYZER_NUMBER_OBJECT_CONVERSION = YES_AGGRESSIVE;
				CLANG_CXX_LANGUAGE_STANDARD = "gnu++14";
				CLANG_CXX_LIBRARY = "libc++";
				CLANG_ENABLE_MODULES = YES;
				CLANG_ENABLE_OBJC_ARC = YES;
				CLANG_ENABLE_OBJC_WEAK = YES;
				CLANG_WARN_BLOCK_CAPTURE_AUTORELEASING = YES;
				CLANG_WARN_BOOL_CONVERSION = YES;
				CLANG_WARN_COMMA = YES;
				CLANG_WARN_CONSTANT_CONVERSION = YES;
				CLANG_WARN_DEPRECATED_OBJC_IMPLEMENTATIONS = YES;
				CLANG_WARN_DIRECT_OBJC_ISA_USAGE = YES_ERROR;
				CLANG_WARN_DOCUMENTATION_COMMENTS = YES;
				CLANG_WARN_EMPTY_BODY = YES;
				CLANG_WARN_ENUM_CONVERSION = YES;
				CLANG_WARN_INFINITE_RECURSION = YES;
				CLANG_WARN_INT_CONVERSION = YES;
				CLANG_WARN_NON_LITERAL_NULL_CONVERSION = YES;
				CLANG_WARN_OBJC_IMPLICIT_RETAIN_SELF = YES;
				CLANG_WARN_OBJC_LITERAL_CONVERSION = YES;
				CLANG_WARN_OBJC_ROOT_CLASS = YES_ERROR;
				CLANG_WARN_RANGE_LOOP_ANALYSIS = YES;
				CLANG_WARN_STRICT_PROTOTYPES = YES;
				CLANG_WARN_SUSPICIOUS_MOVE = YES;
				CLANG_WARN_UNGUARDED_AVAILABILITY = YES_AGGRESSIVE;
				CLANG_WARN_UNREACHABLE_CODE = YES;
				CLANG_WARN__DUPLICATE_METHOD_MATCH = YES;
				COPY_PHASE_STRIP = NO;
				DEBUG_INFORMATION_FORMAT = "dwarf-with-dsym";
				ENABLE_NS_ASSERTIONS = NO;
				ENABLE_STRICT_OBJC_MSGSEND = YES;
				GCC_C_LANGUAGE_STANDARD = gnu11;
				GCC_NO_COMMON_BLOCKS = YES;
				GCC_WARN_64_TO_32_BIT_CONVERSION = YES;
				GCC_WARN_ABOUT_RETURN_TYPE = YES_ERROR;
				GCC_WARN_UNDECLARED_SELECTOR = YES;
				GCC_WARN_UNINITIALIZED_AUTOS = YES_AGGRESSIVE;
				GCC_WARN_UNUSED_FUNCTION = YES;
				GCC_WARN_UNUSED_VARIABLE = YES;
				IPHONEOS_DEPLOYMENT_TARGET = 13.6;
				MTL_ENABLE_DEBUG_INFO = NO;
				MTL_FAST_MATH = YES;
				SDKROOT = iphoneos;
				SWIFT_COMPILATION_MODE = wholemodule;
				SWIFT_OPTIMIZATION_LEVEL = "-O";
				VALIDATE_PRODUCT = YES;
			};
			name = Release;
		};
		77A287FF24E573D8009A3B46 /* Debug */ = {
			isa = XCBuildConfiguration;
			buildSettings = {
				ASSETCATALOG_COMPILER_APPICON_NAME = AppIcon;
				CODE_SIGN_STYLE = Automatic;
				DEVELOPMENT_TEAM = VH525588L5;
				INFOPLIST_FILE = Cosmebem/Info.plist;
				LD_RUNPATH_SEARCH_PATHS = (
					"$(inherited)",
					"@executable_path/Frameworks",
				);
				PRODUCT_BUNDLE_IDENTIFIER = beatrizcarlos.dev.Cosmebem;
				PRODUCT_NAME = "$(TARGET_NAME)";
				SWIFT_VERSION = 5.0;
				TARGETED_DEVICE_FAMILY = 1;
			};
			name = Debug;
		};
		77A2880024E573D8009A3B46 /* Release */ = {
			isa = XCBuildConfiguration;
			buildSettings = {
				ASSETCATALOG_COMPILER_APPICON_NAME = AppIcon;
				CODE_SIGN_STYLE = Automatic;
				DEVELOPMENT_TEAM = VH525588L5;
				INFOPLIST_FILE = Cosmebem/Info.plist;
				LD_RUNPATH_SEARCH_PATHS = (
					"$(inherited)",
					"@executable_path/Frameworks",
				);
				PRODUCT_BUNDLE_IDENTIFIER = beatrizcarlos.dev.Cosmebem;
				PRODUCT_NAME = "$(TARGET_NAME)";
				SWIFT_VERSION = 5.0;
				TARGETED_DEVICE_FAMILY = 1;
			};
			name = Release;
		};
		77A2880224E573D8009A3B46 /* Debug */ = {
			isa = XCBuildConfiguration;
			buildSettings = {
				ALWAYS_EMBED_SWIFT_STANDARD_LIBRARIES = YES;
				BUNDLE_LOADER = "$(TEST_HOST)";
				CODE_SIGN_STYLE = Automatic;
				DEVELOPMENT_TEAM = VH525588L5;
				INFOPLIST_FILE = CosmebemTests/Info.plist;
				IPHONEOS_DEPLOYMENT_TARGET = 13.6;
				LD_RUNPATH_SEARCH_PATHS = (
					"$(inherited)",
					"@executable_path/Frameworks",
					"@loader_path/Frameworks",
				);
				PRODUCT_BUNDLE_IDENTIFIER = beatrizcarlos.dev.CosmebemTests;
				PRODUCT_NAME = "$(TARGET_NAME)";
				SWIFT_VERSION = 5.0;
				TARGETED_DEVICE_FAMILY = "1,2";
				TEST_HOST = "$(BUILT_PRODUCTS_DIR)/Cosmebem.app/Cosmebem";
			};
			name = Debug;
		};
		77A2880324E573D8009A3B46 /* Release */ = {
			isa = XCBuildConfiguration;
			buildSettings = {
				ALWAYS_EMBED_SWIFT_STANDARD_LIBRARIES = YES;
				BUNDLE_LOADER = "$(TEST_HOST)";
				CODE_SIGN_STYLE = Automatic;
				DEVELOPMENT_TEAM = VH525588L5;
				INFOPLIST_FILE = CosmebemTests/Info.plist;
				IPHONEOS_DEPLOYMENT_TARGET = 13.6;
				LD_RUNPATH_SEARCH_PATHS = (
					"$(inherited)",
					"@executable_path/Frameworks",
					"@loader_path/Frameworks",
				);
				PRODUCT_BUNDLE_IDENTIFIER = beatrizcarlos.dev.CosmebemTests;
				PRODUCT_NAME = "$(TARGET_NAME)";
				SWIFT_VERSION = 5.0;
				TARGETED_DEVICE_FAMILY = "1,2";
				TEST_HOST = "$(BUILT_PRODUCTS_DIR)/Cosmebem.app/Cosmebem";
			};
			name = Release;
		};
		77A2880524E573D8009A3B46 /* Debug */ = {
			isa = XCBuildConfiguration;
			buildSettings = {
				ALWAYS_EMBED_SWIFT_STANDARD_LIBRARIES = YES;
				CODE_SIGN_STYLE = Automatic;
				DEVELOPMENT_TEAM = VH525588L5;
				INFOPLIST_FILE = CosmebemUITests/Info.plist;
				LD_RUNPATH_SEARCH_PATHS = (
					"$(inherited)",
					"@executable_path/Frameworks",
					"@loader_path/Frameworks",
				);
				PRODUCT_BUNDLE_IDENTIFIER = beatrizcarlos.dev.CosmebemUITests;
				PRODUCT_NAME = "$(TARGET_NAME)";
				SWIFT_VERSION = 5.0;
				TARGETED_DEVICE_FAMILY = "1,2";
				TEST_TARGET_NAME = Cosmebem;
			};
			name = Debug;
		};
		77A2880624E573D8009A3B46 /* Release */ = {
			isa = XCBuildConfiguration;
			buildSettings = {
				ALWAYS_EMBED_SWIFT_STANDARD_LIBRARIES = YES;
				CODE_SIGN_STYLE = Automatic;
				DEVELOPMENT_TEAM = VH525588L5;
				INFOPLIST_FILE = CosmebemUITests/Info.plist;
				LD_RUNPATH_SEARCH_PATHS = (
					"$(inherited)",
					"@executable_path/Frameworks",
					"@loader_path/Frameworks",
				);
				PRODUCT_BUNDLE_IDENTIFIER = beatrizcarlos.dev.CosmebemUITests;
				PRODUCT_NAME = "$(TARGET_NAME)";
				SWIFT_VERSION = 5.0;
				TARGETED_DEVICE_FAMILY = "1,2";
				TEST_TARGET_NAME = Cosmebem;
			};
			name = Release;
		};
		77D4CEC624F5530B0020EB25 /* Debug */ = {
			isa = XCBuildConfiguration;
			buildSettings = {
				CODE_SIGN_STYLE = Automatic;
				DEVELOPMENT_TEAM = VH525588L5;
				INFOPLIST_FILE = CosmebemUIT/Info.plist;
				LD_RUNPATH_SEARCH_PATHS = (
					"$(inherited)",
					"@executable_path/Frameworks",
					"@loader_path/Frameworks",
				);
				PRODUCT_BUNDLE_IDENTIFIER = beatrizcarlos.dev.CosmebemUIT;
				PRODUCT_NAME = "$(TARGET_NAME)";
				SWIFT_VERSION = 5.0;
				TARGETED_DEVICE_FAMILY = "1,2";
				TEST_TARGET_NAME = Cosmebem;
			};
			name = Debug;
		};
		77D4CEC724F5530B0020EB25 /* Release */ = {
			isa = XCBuildConfiguration;
			buildSettings = {
				CODE_SIGN_STYLE = Automatic;
				DEVELOPMENT_TEAM = VH525588L5;
				INFOPLIST_FILE = CosmebemUIT/Info.plist;
				LD_RUNPATH_SEARCH_PATHS = (
					"$(inherited)",
					"@executable_path/Frameworks",
					"@loader_path/Frameworks",
				);
				PRODUCT_BUNDLE_IDENTIFIER = beatrizcarlos.dev.CosmebemUIT;
				PRODUCT_NAME = "$(TARGET_NAME)";
				SWIFT_VERSION = 5.0;
				TARGETED_DEVICE_FAMILY = "1,2";
				TEST_TARGET_NAME = Cosmebem;
			};
			name = Release;
		};
/* End XCBuildConfiguration section */

/* Begin XCConfigurationList section */
		77A287CF24E573D6009A3B46 /* Build configuration list for PBXProject "Cosmebem" */ = {
			isa = XCConfigurationList;
			buildConfigurations = (
				77A287FC24E573D8009A3B46 /* Debug */,
				77A287FD24E573D8009A3B46 /* Release */,
			);
			defaultConfigurationIsVisible = 0;
			defaultConfigurationName = Release;
		};
		77A287FE24E573D8009A3B46 /* Build configuration list for PBXNativeTarget "Cosmebem" */ = {
			isa = XCConfigurationList;
			buildConfigurations = (
				77A287FF24E573D8009A3B46 /* Debug */,
				77A2880024E573D8009A3B46 /* Release */,
			);
			defaultConfigurationIsVisible = 0;
			defaultConfigurationName = Release;
		};
		77A2880124E573D8009A3B46 /* Build configuration list for PBXNativeTarget "CosmebemTests" */ = {
			isa = XCConfigurationList;
			buildConfigurations = (
				77A2880224E573D8009A3B46 /* Debug */,
				77A2880324E573D8009A3B46 /* Release */,
			);
			defaultConfigurationIsVisible = 0;
			defaultConfigurationName = Release;
		};
		77A2880424E573D8009A3B46 /* Build configuration list for PBXNativeTarget "CosmebemUITests" */ = {
			isa = XCConfigurationList;
			buildConfigurations = (
				77A2880524E573D8009A3B46 /* Debug */,
				77A2880624E573D8009A3B46 /* Release */,
			);
			defaultConfigurationIsVisible = 0;
			defaultConfigurationName = Release;
		};
		77D4CEC824F5530B0020EB25 /* Build configuration list for PBXNativeTarget "CosmebemUIT" */ = {
			isa = XCConfigurationList;
			buildConfigurations = (
				77D4CEC624F5530B0020EB25 /* Debug */,
				77D4CEC724F5530B0020EB25 /* Release */,
			);
			defaultConfigurationIsVisible = 0;
			defaultConfigurationName = Release;
		};
/* End XCConfigurationList section */
	};
	rootObject = 77A287CC24E573D6009A3B46 /* Project object */;
}
